# This file is autogenerated, do not edit; changes may be undone by the next 'dep ensure'.


[[projects]]
  name = "github.com/davecgh/go-spew"
  packages = ["spew"]
  revision = "5215b55f46b2b919f50a1df0eaa5886afe4e3b3d"

[[projects]]
  name = "github.com/golang/protobuf"
  packages = ["proto"]
  revision = "8d92cf5fc15a4382f8964b08e1f42a75c0591aa3"

[[projects]]
  name = "github.com/inconshreveable/mousetrap"
  packages = ["."]
  revision = "76626ae9c91c4f2a10f34cad8ce83ea42c93bb75"
  version = "v1.0"

[[projects]]
  name = "github.com/jarcoal/httpmock"
  packages = ["."]
  revision = "145b10d659265440f062c31ea15326166bae56ee"

[[projects]]
  name = "github.com/nlopes/slack"
  packages = ["."]
  revision = "67c6939dd382a85ccbbe2f2e133fd245fe424098"

[[projects]]
  name = "github.com/pmezard/go-difflib"
  packages = ["difflib"]
  revision = "792786c7400a136282c1664665ae0a8db921c6c2"
  version = "v1.0.0"

[[projects]]
  name = "github.com/spf13/cobra"
  packages = ["."]
  revision = "5deb57bbca49eb370538fc295ba4b2988f9f5e09"

[[projects]]
  name = "github.com/spf13/pflag"
  packages = ["."]
  revision = "9a906f17374922ed0f74e1b2f593d3723f2ffb00"

[[projects]]
  name = "github.com/stretchr/testify"
  packages = ["assert"]
  revision = "d77da356e56a7428ad25149ca77381849a6a5232"

[[projects]]
  name = "golang.org/x/net"
  packages = ["context","context/ctxhttp","websocket"]
  revision = "ea47fc708ee3e20177f3ca3716217c4ab75942cb"

[[projects]]
  name = "golang.org/x/oauth2"
  packages = [".","google","internal","jws","jwt"]
  revision = "2fbf3d7329d847b125188ad64b68cfb1f548938a"

[[projects]]
  name = "google.golang.org/api"
  packages = ["drive/v2","googleapi","googleapi/internal/uritemplates","internal"]
  revision = "bce17bfa8913f8777eb5221beb361c03edf5817e"

[[projects]]
  name = "google.golang.org/appengine"
  packages = [".","internal","internal/app_identity","internal/base","internal/datastore","internal/log","internal/modules","internal/remote_api","internal/urlfetch","urlfetch"]
  revision = "e951d3868b377b14f4e60efa3a301532ee3c1ebf"

[[projects]]
  name = "google.golang.org/cloud"
  packages = ["compute/metadata","internal"]
  revision = "9fdfebf8027334a2f0f583591507f08b0ab166d8"

[solve-meta]
  analyzer-name = "dep"
  analyzer-version = 1
  inputs-digest = "8bfb5a442d7d61b64edf9b8e223324bf076b1b0007db49faabf72b90d7e3f466"
  solver-name = "gps-cdcl"
  solver-version = 1
